<?xml version="1.0" encoding="utf-8"?>
<Project xmlns="http://schemas.microsoft.com/developer/msbuild/2003">
  <ItemGroup>
    <Filter Include="Generated Files">
      <UniqueIdentifier>{71ED8ED8-ACB9-4CE9-BBE1-E00B30144E11}</UniqueIdentifier>
      <Extensions>cpp;c;cxx;moc;h;def;odl;idl;res;</Extensions>
    </Filter>
    <Filter Include="Generated Files">
      <UniqueIdentifier>{71ED8ED8-ACB9-4CE9-BBE1-E00B30144E11}</UniqueIdentifier>
      <Extensions>cpp;c;cxx;moc;h;def;odl;idl;res;</Extensions>
    </Filter>
    <Filter Include="Header Files">
      <UniqueIdentifier>{93995380-89BD-4b04-88EB-625FBE52EBFB}</UniqueIdentifier>
      <Extensions>h;hpp;hxx;hm;inl;inc;xsd</Extensions>
    </Filter>
    <Filter Include="Header Files">
      <UniqueIdentifier>{93995380-89BD-4b04-88EB-625FBE52EBFB}</UniqueIdentifier>
      <Extensions>h;hpp;hxx;hm;inl;inc;xsd</Extensions>
    </Filter>
    <Filter Include="Source Files">
      <UniqueIdentifier>{4FC737F1-C7A5-4376-A066-2A32D752A2FF}</UniqueIdentifier>
      <Extensions>cpp;c;cxx;def;odl;idl;hpj;bat;asm;asmx</Extensions>
    </Filter>
    <Filter Include="Source Files">
      <UniqueIdentifier>{4FC737F1-C7A5-4376-A066-2A32D752A2FF}</UniqueIdentifier>
      <Extensions>cpp;c;cxx;def;odl;idl;hpj;bat;asm;asmx</Extensions>
    </Filter>
  </ItemGroup>
  <ItemGroup>
    <ClCompile Include="src\Dwarf.cpp">
      <Filter>Source Files</Filter>
    </ClCompile>
    <ClCompile Include="src\DwarfModel.cpp">
      <Filter>Source Files</Filter>
    </ClCompile>
    <ClCompile Include="src\Elf.cpp">
      <Filter>Source Files</Filter>
    </ClCompile>
    <ClCompile Include="src\MainWindow.cpp">
      <Filter>Source Files</Filter>
    </ClCompile>
    <ClCompile Include="src\main.cpp">
      <Filter>Source Files</Filter>
    </ClCompile>
    <ClCompile Include="src\FilesModel.cpp">
      <Filter>Generated Files</Filter>
    </ClCompile>
    <ClCompile Include="src\CodeView.cpp">
      <Filter>Generated Files</Filter>
    </ClCompile>
    <ClCompile Include="src\AbstractCodeModel.cpp">
      <Filter>Generated Files</Filter>
    </ClCompile>
    <ClCompile Include="src\CppCodeModel.cpp">
      <Filter>Generated Files</Filter>
    </ClCompile>
    <ClCompile Include="src\FilesView.cpp">
      <Filter>Generated Files</Filter>
    </ClCompile>
    <ClCompile Include="src\DwarfAttributes.cpp">
      <Filter>Generated Files</Filter>
    </ClCompile>
    <ClCompile Include="src\TypesModel.cpp">
      <Filter>Generated Files</Filter>
    </ClCompile>
    <ClCompile Include="src\TypesView.cpp">
      <Filter>Generated Files</Filter>
    </ClCompile>
    <ClCompile Include="src\Output.cpp">
      <Filter>Generated Files</Filter>
    </ClCompile>
    <ClCompile Include="src\OutputView.cpp">
      <Filter>Generated Files</Filter>
    </ClCompile>
    <ClCompile Include="src\DwarfView.cpp">
      <Filter>Generated Files</Filter>
    </ClCompile>
    <ClCompile Include="src\Util.cpp">
      <Filter>Generated Files</Filter>
    </ClCompile>
    <ClCompile Include="src\Icons.cpp">
      <Filter>Generated Files</Filter>
    </ClCompile>
  </ItemGroup>
  <ItemGroup>
    <ClInclude Include="src\Dwarf.h">
      <Filter>Header Files</Filter>
    </ClInclude>
    <QtMoc Include="src\DwarfModel.h">
      <Filter>Header Files</Filter>
    </QtMoc>
    <ClInclude Include="src\Elf.h">
      <Filter>Header Files</Filter>
    </ClInclude>
    <QtMoc Include="src\MainWindow.h">
      <Filter>Header Files</Filter>
    </QtMoc>
    <ClInclude Include="src\DwarfAttributes.h">
      <Filter>Generated Files</Filter>
    </ClInclude>
    <ClInclude Include="src\Output.h">
      <Filter>Generated Files</Filter>
    </ClInclude>
    <ClInclude Include="src\Util.h">
      <Filter>Generated Files</Filter>
    </ClInclude>
    <ClInclude Include="src\Icons.h">
      <Filter>Generated Files</Filter>
    </ClInclude>
  </ItemGroup>
  <ItemGroup>
    <CustomBuild Include="debug\moc_predefs.h.cbt">
      <Filter>Generated Files</Filter>
    </CustomBuild>
    <CustomBuild Include="release\moc_predefs.h.cbt">
      <Filter>Generated Files</Filter>
    </CustomBuild>
  </ItemGroup>
  <ItemGroup>
    <QtMoc Include="src\FilesModel.h">
      <Filter>Generated Files</Filter>
    </QtMoc>
    <QtMoc Include="src\CodeView.h">
      <Filter>Generated Files</Filter>
    </QtMoc>
    <QtMoc Include="src\AbstractCodeModel.h">
      <Filter>Generated Files</Filter>
    </QtMoc>
    <QtMoc Include="src\FilesView.h">
      <Filter>Generated Files</Filter>
    </QtMoc>
    <QtMoc Include="src\CppCodeModel.h">
      <Filter>Generated Files</Filter>
    </QtMoc>
    <QtMoc Include="src\TypesModel.h">
      <Filter>Generated Files</Filter>
    </QtMoc>
    <QtMoc Include="src\TypesView.h">
      <Filter>Generated Files</Filter>
    </QtMoc>
    <QtMoc Include="src\OutputView.h">
      <Filter>Generated Files</Filter>
    </QtMoc>
    <QtMoc Include="src\DwarfView.h">
      <Filter>Generated Files</Filter>
    </QtMoc>
    <QtMoc Include="src\FunctionsModel.h">
      <Filter>Generated Files</Filter>
    </QtMoc>
  </ItemGroup>
</Project>